
Microsoft Visual Studio Solution File, Format Version 12.00
# Visual Studio 15
VisualStudioVersion = 15.0.28010.2046
MinimumVisualStudioVersion = 10.0.40219.1
Project("{8BC9CEB8-8B4A-11D0-8D11-00A0C91BC942}") = "PP_RGZ_3", "PP_RGZ_3\PP_RGZ_3.vcxproj", "{967E6200-4999-499D-B8B5-002751582487}"
EndProject
Global
	GlobalSection(SolutionConfigurationPlatforms) = preSolution
		Debug|x64 = Debug|x64
		Release|x64 = Release|x64
	EndGlobalSection
	GlobalSection(ProjectConfigurationPlatforms) = postSolution
		{967E6200-4999-499D-B8B5-002751582487}.Debug|x64.ActiveCfg = Debug|x64
		{967E6200-4999-499D-B8B5-002751582487}.Debug|x64.Build.0 = Debug|x64
		{967E6200-4999-499D-B8B5-002751582487}.Release|x64.ActiveCfg = Release|x64
		{967E6200-4999-499D-B8B5-002751582487}.Release|x64.Build.0 = Release|x64
	EndGlobalSection
	GlobalSection(SolutionProperties) = preSolution
		HideSolutionNode = FALSE
	EndGlobalSection
	GlobalSection(ExtensibilityGlobals) = postSolution
		SolutionGuid = {5EB1A127-164A-4921-9A63-8C6E4C0E85BE}
	EndGlobalSection
EndGlobal
